
Microsoft Visual Studio Solution File, Format Version 12.00
# Visual Studio Version 16
VisualStudioVersion = 16.0.30611.23
MinimumVisualStudioVersion = 10.0.40219.1
Project("{FAE04EC0-301F-11D3-BF4B-00C04F79EFBC}") = "Count by X", "Count by X\Count by X.csproj", "{CEF91B19-E003-4F45-A519-C847F9E2C5CC}"
EndProject
Global
	GlobalSection(SolutionConfigurationPlatforms) = preSolution
		Debug|Any CPU = Debug|Any CPU
		Release|Any CPU = Release|Any CPU
	EndGlobalSection
	GlobalSection(ProjectConfigurationPlatforms) = postSolution
		{CEF91B19-E003-4F45-A519-C847F9E2C5CC}.Debug|Any CPU.ActiveCfg = Debug|Any CPU
		{CEF91B19-E003-4F45-A519-C847F9E2C5CC}.Debug|Any CPU.Build.0 = Debug|Any CPU
		{CEF91B19-E003-4F45-A519-C847F9E2C5CC}.Release|Any CPU.ActiveCfg = Release|Any CPU
		{CEF91B19-E003-4F45-A519-C847F9E2C5CC}.Release|Any CPU.Build.0 = Release|Any CPU
	EndGlobalSection
	GlobalSection(SolutionProperties) = preSolution
		HideSolutionNode = FALSE
	EndGlobalSection
	GlobalSection(ExtensibilityGlobals) = postSolution
		SolutionGuid = {639D6B46-DBE9-4A0B-B86F-C2ADB73182FA}
	EndGlobalSection
EndGlobal
